
Microsoft Visual Studio Solution File, Format Version 12.00
# Visual Studio Version 17
VisualStudioVersion = 17.4.33205.214
MinimumVisualStudioVersion = 10.0.40219.1
Project("{9A19103F-16F7-4668-BE54-9A1E7A4F7556}") = "WorkoutTimer", "src\WorkoutTimer.csproj", "{1CE20F19-CB15-461A-8EEC-C1AE052C3986}"
EndProject
Global
	GlobalSection(SolutionConfigurationPlatforms) = preSolution
		Debug_Ubuntu|Any CPU = Debug_Ubuntu|Any CPU
		Debug|Any CPU = Debug|Any CPU
		Release_Ubuntu|Any CPU = Release_Ubuntu|Any CPU
		Release|Any CPU = Release|Any CPU
	EndGlobalSection
	GlobalSection(ProjectConfigurationPlatforms) = postSolution
		{1CE20F19-CB15-461A-8EEC-C1AE052C3986}.Debug_Ubuntu|Any CPU.ActiveCfg = Debug|Any CPU
		{1CE20F19-CB15-461A-8EEC-C1AE052C3986}.Debug_Ubuntu|Any CPU.Build.0 = Debug|Any CPU
		{1CE20F19-CB15-461A-8EEC-C1AE052C3986}.Debug|Any CPU.ActiveCfg = Debug|Any CPU
		{1CE20F19-CB15-461A-8EEC-C1AE052C3986}.Debug|Any CPU.Build.0 = Debug|Any CPU
		{1CE20F19-CB15-461A-8EEC-C1AE052C3986}.Release_Ubuntu|Any CPU.ActiveCfg = Release|Any CPU
		{1CE20F19-CB15-461A-8EEC-C1AE052C3986}.Release_Ubuntu|Any CPU.Build.0 = Release|Any CPU
		{1CE20F19-CB15-461A-8EEC-C1AE052C3986}.Release|Any CPU.ActiveCfg = Release|Any CPU
		{1CE20F19-CB15-461A-8EEC-C1AE052C3986}.Release|Any CPU.Build.0 = Release|Any CPU
	EndGlobalSection
	GlobalSection(SolutionProperties) = preSolution
		HideSolutionNode = FALSE
	EndGlobalSection
	GlobalSection(ExtensibilityGlobals) = postSolution
		SolutionGuid = {4BD819AB-7A3A-4880-863D-7E370033878A}
	EndGlobalSection
EndGlobal
